// !$*UTF8*$!
{
	archiveVersion = 1;
	classes = {
	};
	objectVersion = 46;
	objects = {

/* Begin PBXBuildFile section */
		6B6B5A431F5E1D92008040C3 /* main.m in Sources */ = {isa = PBXBuildFile; fileRef = 6B6B5A421F5E1D92008040C3 /* main.m */; };
		6B6B5A461F5E1D92008040C3 /* AppDelegate.m in Sources */ = {isa = PBXBuildFile; fileRef = 6B6B5A451F5E1D92008040C3 /* AppDelegate.m */; };
		6B6B5A491F5E1D92008040C3 /* ViewController.m in Sources */ = {isa = PBXBuildFile; fileRef = 6B6B5A481F5E1D92008040C3 /* ViewController.m */; };
		6B6B5A4C1F5E1D92008040C3 /* Main.storyboard in Resources */ = {isa = PBXBuildFile; fileRef = 6B6B5A4A1F5E1D92008040C3 /* Main.storyboard */; };
		6B6B5A4F1F5E1D92008040C3 /* scrollView_signal.xcdatamodeld in Sources */ = {isa = PBXBuildFile; fileRef = 6B6B5A4D1F5E1D92008040C3 /* scrollView_signal.xcdatamodeld */; };
		6B6B5A511F5E1D92008040C3 /* Assets.xcassets in Resources */ = {isa = PBXBuildFile; fileRef = 6B6B5A501F5E1D92008040C3 /* Assets.xcassets */; };
		6B6B5A541F5E1D92008040C3 /* LaunchScreen.storyboard in Resources */ = {isa = PBXBuildFile; fileRef = 6B6B5A521F5E1D92008040C3 /* LaunchScreen.storyboard */; };
		6B6B5A5F1F5E1D92008040C3 /* scrollView_signalTests.m in Sources */ = {isa = PBXBuildFile; fileRef = 6B6B5A5E1F5E1D92008040C3 /* scrollView_signalTests.m */; };
		6B6B5A6A1F5E1D92008040C3 /* scrollView_signalUITests.m in Sources */ = {isa = PBXBuildFile; fileRef = 6B6B5A691F5E1D92008040C3 /* scrollView_signalUITests.m */; };
/* End PBXBuildFile section */

/* Begin PBXContainerItemProxy section */
		6B6B5A5B1F5E1D92008040C3 /* PBXContainerItemProxy */ = {
			isa = PBXContainerItemProxy;
			containerPortal = 6B6B5A361F5E1D92008040C3 /* Project object */;
			proxyType = 1;
			remoteGlobalIDString = 6B6B5A3D1F5E1D92008040C3;
			remoteInfo = scrollView_signal;
		};
		6B6B5A661F5E1D92008040C3 /* PBXContainerItemProxy */ = {
			isa = PBXContainerItemProxy;
			containerPortal = 6B6B5A361F5E1D92008040C3 /* Project object */;
			proxyType = 1;
			remoteGlobalIDString = 6B6B5A3D1F5E1D92008040C3;
			remoteInfo = scrollView_signal;
		};
/* End PBXContainerItemProxy section */

/* Begin PBXFileReference section */
		6B6B5A3E1F5E1D92008040C3 /* scrollView_signal.app */ = {isa = PBXFileReference; explicitFileType = wrapper.application; includeInIndex = 0; path = scrollView_signal.app; sourceTree = BUILT_PRODUCTS_DIR; };
		6B6B5A421F5E1D92008040C3 /* main.m */ = {isa = PBXFileReference; lastKnownFileType = sourcecode.c.objc; path = main.m; sourceTree = "<group>"; };
		6B6B5A441F5E1D92008040C3 /* AppDelegate.h */ = {isa = PBXFileReference; lastKnownFileType = sourcecode.c.h; path = AppDelegate.h; sourceTree = "<group>"; };
		6B6B5A451F5E1D92008040C3 /* AppDelegate.m */ = {isa = PBXFileReference; lastKnownFileType = sourcecode.c.objc; path = AppDelegate.m; sourceTree = "<group>"; };
		6B6B5A471F5E1D92008040C3 /* ViewController.h */ = {isa = PBXFileReference; lastKnownFileType = sourcecode.c.h; path = ViewController.h; sourceTree = "<group>"; };
		6B6B5A481F5E1D92008040C3 /* ViewController.m */ = {isa = PBXFileReference; lastKnownFileType = sourcecode.c.objc; path = ViewController.m; sourceTree = "<group>"; };
		6B6B5A4B1F5E1D92008040C3 /* Base */ = {isa = PBXFileReference; lastKnownFileType = file.storyboard; name = Base; path = Base.lproj/Main.storyboard; sourceTree = "<group>"; };
		6B6B5A4E1F5E1D92008040C3 /* scrollView_signal.xcdatamodel */ = {isa = PBXFileReference; lastKnownFileType = wrapper.xcdatamodel; path = scrollView_signal.xcdatamodel; sourceTree = "<group>"; };
		6B6B5A501F5E1D92008040C3 /* Assets.xcassets */ = {isa = PBXFileReference; lastKnownFileType = folder.assetcatalog; path = Assets.xcassets; sourceTree = "<group>"; };
		6B6B5A531F5E1D92008040C3 /* Base */ = {isa = PBXFileReference; lastKnownFileType = file.storyboard; name = Base; path = Base.lproj/LaunchScreen.storyboard; sourceTree = "<group>"; };
		6B6B5A551F5E1D92008040C3 /* Info.plist */ = {isa = PBXFileReference; lastKnownFileType = text.plist.xml; path = Info.plist; sourceTree = "<group>"; };
		6B6B5A5A1F5E1D92008040C3 /* scrollView_signalTests.xctest */ = {isa = PBXFileReference; explicitFileType = wrapper.cfbundle; includeInIndex = 0; path = scrollView_signalTests.xctest; sourceTree = BUILT_PRODUCTS_DIR; };
		6B6B5A5E1F5E1D92008040C3 /* scrollView_signalTests.m */ = {isa = PBXFileReference; lastKnownFileType = sourcecode.c.objc; path = scrollView_signalTests.m; sourceTree = "<group>"; };
		6B6B5A601F5E1D92008040C3 /* Info.plist */ = {isa = PBXFileReference; lastKnownFileType = text.plist.xml; path = Info.plist; sourceTree = "<group>"; };
		6B6B5A651F5E1D92008040C3 /* scrollView_signalUITests.xctest */ = {isa = PBXFileReference; explicitFileType = wrapper.cfbundle; includeInIndex = 0; path = scrollView_signalUITests.xctest; sourceTree = BUILT_PRODUCTS_DIR; };
		6B6B5A691F5E1D92008040C3 /* scrollView_signalUITests.m */ = {isa = PBXFileReference; lastKnownFileType = sourcecode.c.objc; path = scrollView_signalUITests.m; sourceTree = "<group>"; };
		6B6B5A6B1F5E1D92008040C3 /* Info.plist */ = {isa = PBXFileReference; lastKnownFileType = text.plist.xml; path = Info.plist; sourceTree = "<group>"; };
/* End PBXFileReference section */

/* Begin PBXFrameworksBuildPhase section */
		6B6B5A3B1F5E1D92008040C3 /* Frameworks */ = {
			isa = PBXFrameworksBuildPhase;
			buildActionMask = 2147483647;
			files = (
			);
			runOnlyForDeploymentPostprocessing = 0;
		};
		6B6B5A571F5E1D92008040C3 /* Frameworks */ = {
			isa = PBXFrameworksBuildPhase;
			buildActionMask = 2147483647;
			files = (
			);
			runOnlyForDeploymentPostprocessing = 0;
		};
		6B6B5A621F5E1D92008040C3 /* Frameworks */ = {
			isa = PBXFrameworksBuildPhase;
			buildActionMask = 2147483647;
			files = (
			);
			runOnlyForDeploymentPostprocessing = 0;
		};
/* End PBXFrameworksBuildPhase section */

/* Begin PBXGroup section */
		6B6B5A351F5E1D92008040C3 = {
			isa = PBXGroup;
			children = (
				6B6B5A401F5E1D92008040C3 /* scrollView_signal */,
				6B6B5A5D1F5E1D92008040C3 /* scrollView_signalTests */,
				6B6B5A681F5E1D92008040C3 /* scrollView_signalUITests */,
				6B6B5A3F1F5E1D92008040C3 /* Products */,
			);
			sourceTree = "<group>";
		};
		6B6B5A3F1F5E1D92008040C3 /* Products */ = {
			isa = PBXGroup;
			children = (
				6B6B5A3E1F5E1D92008040C3 /* scrollView_signal.app */,
				6B6B5A5A1F5E1D92008040C3 /* scrollView_signalTests.xctest */,
				6B6B5A651F5E1D92008040C3 /* scrollView_signalUITests.xctest */,
			);
			name = Products;
			sourceTree = "<group>";
		};
		6B6B5A401F5E1D92008040C3 /* scrollView_signal */ = {
			isa = PBXGroup;
			children = (
				6B6B5A441F5E1D92008040C3 /* AppDelegate.h */,
				6B6B5A451F5E1D92008040C3 /* AppDelegate.m */,
				6B6B5A471F5E1D92008040C3 /* ViewController.h */,
				6B6B5A481F5E1D92008040C3 /* ViewController.m */,
				6B6B5A4A1F5E1D92008040C3 /* Main.storyboard */,
				6B6B5A501F5E1D92008040C3 /* Assets.xcassets */,
				6B6B5A521F5E1D92008040C3 /* LaunchScreen.storyboard */,
				6B6B5A551F5E1D92008040C3 /* Info.plist */,
				6B6B5A4D1F5E1D92008040C3 /* scrollView_signal.xcdatamodeld */,
				6B6B5A411F5E1D92008040C3 /* Supporting Files */,
			);
			path = scrollView_signal;
			sourceTree = "<group>";
		};
		6B6B5A411F5E1D92008040C3 /* Supporting Files */ = {
			isa = PBXGroup;
			children = (
				6B6B5A421F5E1D92008040C3 /* main.m */,
			);
			name = "Supporting Files";
			sourceTree = "<group>";
		};
		6B6B5A5D1F5E1D92008040C3 /* scrollView_signalTests */ = {
			isa = PBXGroup;
			children = (
				6B6B5A5E1F5E1D92008040C3 /* scrollView_signalTests.m */,
				6B6B5A601F5E1D92008040C3 /* Info.plist */,
			);
			path = scrollView_signalTests;
			sourceTree = "<group>";
		};
		6B6B5A681F5E1D92008040C3 /* scrollView_signalUITests */ = {
			isa = PBXGroup;
			children = (
				6B6B5A691F5E1D92008040C3 /* scrollView_signalUITests.m */,
				6B6B5A6B1F5E1D92008040C3 /* Info.plist */,
			);
			path = scrollView_signalUITests;
			sourceTree = "<group>";
		};
/* End PBXGroup section */

/* Begin PBXNativeTarget section */
		6B6B5A3D1F5E1D92008040C3 /* scrollView_signal */ = {
			isa = PBXNativeTarget;
			buildConfigurationList = 6B6B5A6E1F5E1D92008040C3 /* Build configuration list for PBXNativeTarget "scrollView_signal" */;
			buildPhases = (
				6B6B5A3A1F5E1D92008040C3 /* Sources */,
				6B6B5A3B1F5E1D92008040C3 /* Frameworks */,
				6B6B5A3C1F5E1D92008040C3 /* Resources */,
			);
			buildRules = (
			);
			dependencies = (
			);
			name = scrollView_signal;
			productName = scrollView_signal;
			productReference = 6B6B5A3E1F5E1D92008040C3 /* scrollView_signal.app */;
			productType = "com.apple.product-type.application";
		};
		6B6B5A591F5E1D92008040C3 /* scrollView_signalTests */ = {
			isa = PBXNativeTarget;
			buildConfigurationList = 6B6B5A711F5E1D92008040C3 /* Build configuration list for PBXNativeTarget "scrollView_signalTests" */;
			buildPhases = (
				6B6B5A561F5E1D92008040C3 /* Sources */,
				6B6B5A571F5E1D92008040C3 /* Frameworks */,
				6B6B5A581F5E1D92008040C3 /* Resources */,
			);
			buildRules = (
			);
			dependencies = (
				6B6B5A5C1F5E1D92008040C3 /* PBXTargetDependency */,
			);
			name = scrollView_signalTests;
			productName = scrollView_signalTests;
			productReference = 6B6B5A5A1F5E1D92008040C3 /* scrollView_signalTests.xctest */;
			productType = "com.apple.product-type.bundle.unit-test";
		};
		6B6B5A641F5E1D92008040C3 /* scrollView_signalUITests */ = {
			isa = PBXNativeTarget;
			buildConfigurationList = 6B6B5A741F5E1D92008040C3 /* Build configuration list for PBXNativeTarget "scrollView_signalUITests" */;
			buildPhases = (
				6B6B5A611F5E1D92008040C3 /* Sources */,
				6B6B5A621F5E1D92008040C3 /* Frameworks */,
				6B6B5A631F5E1D92008040C3 /* Resources */,
			);
			buildRules = (
			);
			dependencies = (
				6B6B5A671F5E1D92008040C3 /* PBXTargetDependency */,
			);
			name = scrollView_signalUITests;
			productName = scrollView_signalUITests;
			productReference = 6B6B5A651F5E1D92008040C3 /* scrollView_signalUITests.xctest */;
			productType = "com.apple.product-type.bundle.ui-testing";
		};
/* End PBXNativeTarget section */

/* Begin PBXProject section */
		6B6B5A361F5E1D92008040C3 /* Project object */ = {
			isa = PBXProject;
			attributes = {
				LastUpgradeCheck = 0830;
				ORGANIZATIONNAME = zte;
				TargetAttributes = {
					6B6B5A3D1F5E1D92008040C3 = {
						CreatedOnToolsVersion = 8.3.3;
						DevelopmentTeam = 9R677KW5DV;
						ProvisioningStyle = Automatic;
					};
					6B6B5A591F5E1D92008040C3 = {
						CreatedOnToolsVersion = 8.3.3;
						DevelopmentTeam = 9R677KW5DV;
						ProvisioningStyle = Automatic;
						TestTargetID = 6B6B5A3D1F5E1D92008040C3;
					};
					6B6B5A641F5E1D92008040C3 = {
						CreatedOnToolsVersion = 8.3.3;
						DevelopmentTeam = 9R677KW5DV;
						ProvisioningStyle = Automatic;
						TestTargetID = 6B6B5A3D1F5E1D92008040C3;
					};
				};
			};
			buildConfigurationList = 6B6B5A391F5E1D92008040C3 /* Build configuration list for PBXProject "scrollView_signal" */;
			compatibilityVersion = "Xcode 3.2";
			developmentRegion = English;
			hasScannedForEncodings = 0;
			knownRegions = (
				en,
				Base,
			);
			mainGroup = 6B6B5A351F5E1D92008040C3;
			productRefGroup = 6B6B5A3F1F5E1D92008040C3 /* Products */;
			projectDirPath = "";
			projectRoot = "";
			targets = (
				6B6B5A3D1F5E1D92008040C3 /* scrollView_signal */,
				6B6B5A591F5E1D92008040C3 /* scrollView_signalTests */,
				6B6B5A641F5E1D92008040C3 /* scrollView_signalUITests */,
			);
		};
/* End PBXProject section */

/* Begin PBXResourcesBuildPhase section */
		6B6B5A3C1F5E1D92008040C3 /* Resources */ = {
			isa = PBXResourcesBuildPhase;
			buildActionMask = 2147483647;
			files = (
				6B6B5A541F5E1D92008040C3 /* LaunchScreen.storyboard in Resources */,
				6B6B5A511F5E1D92008040C3 /* Assets.xcassets in Resources */,
				6B6B5A4C1F5E1D92008040C3 /* Main.storyboard in Resources */,
			);
			runOnlyForDeploymentPostprocessing = 0;
		};
		6B6B5A581F5E1D92008040C3 /* Resources */ = {
			isa = PBXResourcesBuildPhase;
			buildActionMask = 2147483647;
			files = (
			);
			runOnlyForDeploymentPostprocessing = 0;
		};
		6B6B5A631F5E1D92008040C3 /* Resources */ = {
			isa = PBXResourcesBuildPhase;
			buildActionMask = 2147483647;
			files = (
			);
			runOnlyForDeploymentPostprocessing = 0;
		};
/* End PBXResourcesBuildPhase section */

/* Begin PBXSourcesBuildPhase section */
		6B6B5A3A1F5E1D92008040C3 /* Sources */ = {
			isa = PBXSourcesBuildPhase;
			buildActionMask = 2147483647;
			files = (
				6B6B5A491F5E1D92008040C3 /* ViewController.m in Sources */,
				6B6B5A4F1F5E1D92008040C3 /* scrollView_signal.xcdatamodeld in Sources */,
				6B6B5A461F5E1D92008040C3 /* AppDelegate.m in Sources */,
				6B6B5A431F5E1D92008040C3 /* main.m in Sources */,
			);
			runOnlyForDeploymentPostprocessing = 0;
		};
		6B6B5A561F5E1D92008040C3 /* Sources */ = {
			isa = PBXSourcesBuildPhase;
			buildActionMask = 2147483647;
			files = (
				6B6B5A5F1F5E1D92008040C3 /* scrollView_signalTests.m in Sources */,
			);
			runOnlyForDeploymentPostprocessing = 0;
		};
		6B6B5A611F5E1D92008040C3 /* Sources */ = {
			isa = PBXSourcesBuildPhase;
			buildActionMask = 2147483647;
			files = (
				6B6B5A6A1F5E1D92008040C3 /* scrollView_signalUITests.m in Sources */,
			);
			runOnlyForDeploymentPostprocessing = 0;
		};
/* End PBXSourcesBuildPhase section */

/* Begin PBXTargetDependency section */
		6B6B5A5C1F5E1D92008040C3 /* PBXTargetDependency */ = {
			isa = PBXTargetDependency;
			target = 6B6B5A3D1F5E1D92008040C3 /* scrollView_signal */;
			targetProxy = 6B6B5A5B1F5E1D92008040C3 /* PBXContainerItemProxy */;
		};
		6B6B5A671F5E1D92008040C3 /* PBXTargetDependency */ = {
			isa = PBXTargetDependency;
			target = 6B6B5A3D1F5E1D92008040C3 /* scrollView_signal */;
			targetProxy = 6B6B5A661F5E1D92008040C3 /* PBXContainerItemProxy */;
		};
/* End PBXTargetDependency section */

/* Begin PBXVariantGroup section */
		6B6B5A4A1F5E1D92008040C3 /* Main.storyboard */ = {
			isa = PBXVariantGroup;
			children = (
				6B6B5A4B1F5E1D92008040C3 /* Base */,
			);
			name = Main.storyboard;
			sourceTree = "<group>";
		};
		6B6B5A521F5E1D92008040C3 /* LaunchScreen.storyboard */ = {
			isa = PBXVariantGroup;
			children = (
				6B6B5A531F5E1D92008040C3 /* Base */,
			);
			name = LaunchScreen.storyboard;
			sourceTree = "<group>";
		};
/* End PBXVariantGroup section */

/* Begin XCBuildConfiguration section */
		6B6B5A6C1F5E1D92008040C3 /* Debug */ = {
			isa = XCBuildConfiguration;
			buildSettings = {
				ALWAYS_SEARCH_USER_PATHS = NO;
				CLANG_ANALYZER_NONNULL = YES;
				CLANG_ANALYZER_NUMBER_OBJECT_CONVERSION = YES_AGGRESSIVE;
				CLANG_CXX_LANGUAGE_STANDARD = "gnu++0x";
				CLANG_CXX_LIBRARY = "libc++";
				CLANG_ENABLE_MODULES = YES;
				CLANG_ENABLE_OBJC_ARC = YES;
				CLANG_WARN_BOOL_CONVERSION = YES;
				CLANG_WARN_CONSTANT_CONVERSION = YES;
				CLANG_WARN_DIRECT_OBJC_ISA_USAGE = YES_ERROR;
				CLANG_WARN_DOCUMENTATION_COMMENTS = YES;
				CLANG_WARN_EMPTY_BODY = YES;
				CLANG_WARN_ENUM_CONVERSION = YES;
				CLANG_WARN_INFINITE_RECURSION = YES;
				CLANG_WARN_INT_CONVERSION = YES;
				CLANG_WARN_OBJC_ROOT_CLASS = YES_ERROR;
				CLANG_WARN_SUSPICIOUS_MOVE = YES;
				CLANG_WARN_UNREACHABLE_CODE = YES;
				CLANG_WARN__DUPLICATE_METHOD_MATCH = YES;
				"CODE_SIGN_IDENTITY[sdk=iphoneos*]" = "iPhone Developer";
				COPY_PHASE_STRIP = NO;
				DEBUG_INFORMATION_FORMAT = dwarf;
				ENABLE_STRICT_OBJC_MSGSEND = YES;
				ENABLE_TESTABILITY = YES;
				GCC_C_LANGUAGE_STANDARD = gnu99;
				GCC_DYNAMIC_NO_PIC = NO;
				GCC_NO_COMMON_BLOCKS = YES;
				GCC_OPTIMIZATION_LEVEL = 0;
				GCC_PREPROCESSOR_DEFINITIONS = (
					"DEBUG=1",
					"$(inherited)",
				);
				GCC_WARN_64_TO_32_BIT_CONVERSION = YES;
				GCC_WARN_ABOUT_RETURN_TYPE = YES_ERROR;
				GCC_WARN_UNDECLARED_SELECTOR = YES;
				GCC_WARN_UNINITIALIZED_AUTOS = YES_AGGRESSIVE;
				GCC_WARN_UNUSED_FUNCTION = YES;
				GCC_WARN_UNUSED_VARIABLE = YES;
				IPHONEOS_DEPLOYMENT_TARGET = 10.3;
				MTL_ENABLE_DEBUG_INFO = YES;
				ONLY_ACTIVE_ARCH = YES;
				SDKROOT = iphoneos;
				TARGETED_DEVICE_FAMILY = "1,2";
			};
			name = Debug;
		};
		6B6B5A6D1F5E1D92008040C3 /* Release */ = {
			isa = XCBuildConfiguration;
			buildSettings = {
				ALWAYS_SEARCH_USER_PATHS = NO;
				CLANG_ANALYZER_NONNULL = YES;
				CLANG_ANALYZER_NUMBER_OBJECT_CONVERSION = YES_AGGRESSIVE;
				CLANG_CXX_LANGUAGE_STANDARD = "gnu++0x";
				CLANG_CXX_LIBRARY = "libc++";
				CLANG_ENABLE_MODULES = YES;
				CLANG_ENABLE_OBJC_ARC = YES;
				CLANG_WARN_BOOL_CONVERSION = YES;
				CLANG_WARN_CONSTANT_CONVERSION = YES;
				CLANG_WARN_DIRECT_OBJC_ISA_USAGE = YES_ERROR;
				CLANG_WARN_DOCUMENTATION_COMMENTS = YES;
				CLANG_WARN_EMPTY_BODY = YES;
				CLANG_WARN_ENUM_CONVERSION = YES;
				CLANG_WARN_INFINITE_RECURSION = YES;
				CLANG_WARN_INT_CONVERSION = YES;
				CLANG_WARN_OBJC_ROOT_CLASS = YES_ERROR;
				CLANG_WARN_SUSPICIOUS_MOVE = YES;
				CLANG_WARN_UNREACHABLE_CODE = YES;
				CLANG_WARN__DUPLICATE_METHOD_MATCH = YES;
				"CODE_SIGN_IDENTITY[sdk=iphoneos*]" = "iPhone Developer";
				COPY_PHASE_STRIP = NO;
				DEBUG_INFORMATION_FORMAT = "dwarf-with-dsym";
				ENABLE_NS_ASSERTIONS = NO;
				ENABLE_STRICT_OBJC_MSGSEND = YES;
				GCC_C_LANGUAGE_STANDARD = gnu99;
				GCC_NO_COMMON_BLOCKS = YES;
				GCC_WARN_64_TO_32_BIT_CONVERSION = YES;
				GCC_WARN_ABOUT_RETURN_TYPE = YES_ERROR;
				GCC_WARN_UNDECLARED_SELECTOR = YES;
				GCC_WARN_UNINITIALIZED_AUTOS = YES_AGGRESSIVE;
				GCC_WARN_UNUSED_FUNCTION = YES;
				GCC_WARN_UNUSED_VARIABLE = YES;
				IPHONEOS_DEPLOYMENT_TARGET = 10.3;
				MTL_ENABLE_DEBUG_INFO = NO;
				SDKROOT = iphoneos;
				TARGETED_DEVICE_FAMILY = "1,2";
				VALIDATE_PRODUCT = YES;
			};
			name = Release;
		};
		6B6B5A6F1F5E1D92008040C3 /* Debug */ = {
			isa = XCBuildConfiguration;
			buildSettings = {
				ASSETCATALOG_COMPILER_APPICON_NAME = AppIcon;
				DEVELOPMENT_TEAM = 9R677KW5DV;
				INFOPLIST_FILE = scrollView_signal/Info.plist;
				LD_RUNPATH_SEARCH_PATHS = "$(inherited) @executable_path/Frameworks";
				PRODUCT_BUNDLE_IDENTIFIER = "zte.cn.scrollView-signal";
				PRODUCT_NAME = "$(TARGET_NAME)";
			};
			name = Debug;
		};
		6B6B5A701F5E1D92008040C3 /* Release */ = {
			isa = XCBuildConfiguration;
			buildSettings = {
				ASSETCATALOG_COMPILER_APPICON_NAME = AppIcon;
				DEVELOPMENT_TEAM = 9R677KW5DV;
				INFOPLIST_FILE = scrollView_signal/Info.plist;
				LD_RUNPATH_SEARCH_PATHS = "$(inherited) @executable_path/Frameworks";
				PRODUCT_BUNDLE_IDENTIFIER = "zte.cn.scrollView-signal";
				PRODUCT_NAME = "$(TARGET_NAME)";
			};
			name = Release;
		};
		6B6B5A721F5E1D92008040C3 /* Debug */ = {
			isa = XCBuildConfiguration;
			buildSettings = {
				BUNDLE_LOADER = "$(TEST_HOST)";
				DEVELOPMENT_TEAM = 9R677KW5DV;
				INFOPLIST_FILE = scrollView_signalTests/Info.plist;
				LD_RUNPATH_SEARCH_PATHS = "$(inherited) @executable_path/Frameworks @loader_path/Frameworks";
				PRODUCT_BUNDLE_IDENTIFIER = "zte.cn.scrollView-signalTests";
				PRODUCT_NAME = "$(TARGET_NAME)";
				TEST_HOST = "$(BUILT_PRODUCTS_DIR)/scrollView_signal.app/scrollView_signal";
			};
			name = Debug;
		};
		6B6B5A731F5E1D92008040C3 /* Release */ = {
			isa = XCBuildConfiguration;
			buildSettings = {
				BUNDLE_LOADER = "$(TEST_HOST)";
				DEVELOPMENT_TEAM = 9R677KW5DV;
				INFOPLIST_FILE = scrollView_signalTests/Info.plist;
				LD_RUNPATH_SEARCH_PATHS = "$(inherited) @executable_path/Frameworks @loader_path/Frameworks";
				PRODUCT_BUNDLE_IDENTIFIER = "zte.cn.scrollView-signalTests";
				PRODUCT_NAME = "$(TARGET_NAME)";
				TEST_HOST = "$(BUILT_PRODUCTS_DIR)/scrollView_signal.app/scrollView_signal";
			};
			name = Release;
		};
		6B6B5A751F5E1D92008040C3 /* Debug */ = {
			isa = XCBuildConfiguration;
			buildSettings = {
				DEVELOPMENT_TEAM = 9R677KW5DV;
				INFOPLIST_FILE = scrollView_signalUITests/Info.plist;
				LD_RUNPATH_SEARCH_PATHS = "$(inherited) @executable_path/Frameworks @loader_path/Frameworks";
				PRODUCT_BUNDLE_IDENTIFIER = "zte.cn.scrollView-signalUITests";
				PRODUCT_NAME = "$(TARGET_NAME)";
				TEST_TARGET_NAME = scrollView_signal;
			};
			name = Debug;
		};
		6B6B5A761F5E1D92008040C3 /* Release */ = {
			isa = XCBuildConfiguration;
			buildSettings = {
				DEVELOPMENT_TEAM = 9R677KW5DV;
				INFOPLIST_FILE = scrollView_signalUITests/Info.plist;
				LD_RUNPATH_SEARCH_PATHS = "$(inherited) @executable_path/Frameworks @loader_path/Frameworks";
				PRODUCT_BUNDLE_IDENTIFIER = "zte.cn.scrollView-signalUITests";
				PRODUCT_NAME = "$(TARGET_NAME)";
				TEST_TARGET_NAME = scrollView_signal;
			};
			name = Release;
		};
/* End XCBuildConfiguration section */

/* Begin XCConfigurationList section */
		6B6B5A391F5E1D92008040C3 /* Build configuration list for PBXProject "scrollView_signal" */ = {
			isa = XCConfigurationList;
			buildConfigurations = (
				6B6B5A6C1F5E1D92008040C3 /* Debug */,
				6B6B5A6D1F5E1D92008040C3 /* Release */,
			);
			defaultConfigurationIsVisible = 0;
			defaultConfigurationName = Release;
		};
		6B6B5A6E1F5E1D92008040C3 /* Build configuration list for PBXNativeTarget "scrollView_signal" */ = {
			isa = XCConfigurationList;
			buildConfigurations = (
				6B6B5A6F1F5E1D92008040C3 /* Debug */,
				6B6B5A701F5E1D92008040C3 /* Release */,
			);
			defaultConfigurationIsVisible = 0;
		};
		6B6B5A711F5E1D92008040C3 /* Build configuration list for PBXNativeTarget "scrollView_signalTests" */ = {
			isa = XCConfigurationList;
			buildConfigurations = (
				6B6B5A721F5E1D92008040C3 /* Debug */,
				6B6B5A731F5E1D92008040C3 /* Release */,
			);
			defaultConfigurationIsVisible = 0;
		};
		6B6B5A741F5E1D92008040C3 /* Build configuration list for PBXNativeTarget "scrollView_signalUITests" */ = {
			isa = XCConfigurationList;
			buildConfigurations = (
				6B6B5A751F5E1D92008040C3 /* Debug */,
				6B6B5A761F5E1D92008040C3 /* Release */,
			);
			defaultConfigurationIsVisible = 0;
		};
/* End XCConfigurationList section */

/* Begin XCVersionGroup section */
		6B6B5A4D1F5E1D92008040C3 /* scrollView_signal.xcdatamodeld */ = {
			isa = XCVersionGroup;
			children = (
				6B6B5A4E1F5E1D92008040C3 /* scrollView_signal.xcdatamodel */,
			);
			currentVersion = 6B6B5A4E1F5E1D92008040C3 /* scrollView_signal.xcdatamodel */;
			path = scrollView_signal.xcdatamodeld;
			sourceTree = "<group>";
			versionGroupType = wrapper.xcdatamodel;
		};
/* End XCVersionGroup section */
	};
	rootObject = 6B6B5A361F5E1D92008040C3 /* Project object */;
}
